# This file was autogenerated by Stack.
# You should not edit this file by hand.
# For more information, please see the documentation at:
#   https://docs.haskellstack.org/en/stable/lock_files

packages: []
snapshots:
- completed:
    sha256: 7320ad1698102d4080f93208f1bcfd872743118cef7b9a23f191670b2d8a3bf5
    size: 698990
    url: https://raw.githubusercontent.com/commercialhaskell/stackage-snapshots/master/nightly/2023/12/2.yaml
  original: nightly-2023-12-02
